
Microsoft Visual Studio Solution File, Format Version 12.00
# Visual Studio Version 17
VisualStudioVersion = 17.7.34031.279
MinimumVisualStudioVersion = 10.0.40219.1
Project("{9A19103F-16F7-4668-BE54-9A1E7A4F7556}") = "DocsChain", "DocsChain.csproj", "{F05A9280-0A1F-4A2A-9E20-136B433DA254}"
EndProject
Project("{FAE04EC0-301F-11D3-BF4B-00C04F79EFBC}") = "DocChainWeb", "..\DocChainWeb\DocChainWeb.csproj", "{2FC69745-8ACC-43A0-9221-B1A1701C250F}"
EndProject
Global
	GlobalSection(SolutionConfigurationPlatforms) = preSolution
		Debug|Any CPU = Debug|Any CPU
		Release|Any CPU = Release|Any CPU
	EndGlobalSection
	GlobalSection(ProjectConfigurationPlatforms) = postSolution
		{F05A9280-0A1F-4A2A-9E20-136B433DA254}.Debug|Any CPU.ActiveCfg = Debug|Any CPU
		{F05A9280-0A1F-4A2A-9E20-136B433DA254}.Debug|Any CPU.Build.0 = Debug|Any CPU
		{F05A9280-0A1F-4A2A-9E20-136B433DA254}.Release|Any CPU.ActiveCfg = Release|Any CPU
		{F05A9280-0A1F-4A2A-9E20-136B433DA254}.Release|Any CPU.Build.0 = Release|Any CPU
		{2FC69745-8ACC-43A0-9221-B1A1701C250F}.Debug|Any CPU.ActiveCfg = Debug|Any CPU
		{2FC69745-8ACC-43A0-9221-B1A1701C250F}.Debug|Any CPU.Build.0 = Debug|Any CPU
		{2FC69745-8ACC-43A0-9221-B1A1701C250F}.Release|Any CPU.ActiveCfg = Release|Any CPU
		{2FC69745-8ACC-43A0-9221-B1A1701C250F}.Release|Any CPU.Build.0 = Release|Any CPU
	EndGlobalSection
	GlobalSection(SolutionProperties) = preSolution
		HideSolutionNode = FALSE
	EndGlobalSection
	GlobalSection(ExtensibilityGlobals) = postSolution
		SolutionGuid = {9EB9BCD6-DB22-4509-BA7A-B692D5405A02}
	EndGlobalSection
EndGlobal
